// !$*UTF8*$!
{
	archiveVersion = 1;
	classes = {
	};
	objectVersion = 56;
	objects = {

/* Begin PBXBuildFile section */
		2054EE0F2B0BA5F0008BE4B6 /* FetchChallengeApp.swift in Sources */ = {isa = PBXBuildFile; fileRef = 2054EE0E2B0BA5F0008BE4B6 /* FetchChallengeApp.swift */; };
		2054EE112B0BA5F0008BE4B6 /* DessertList.swift in Sources */ = {isa = PBXBuildFile; fileRef = 2054EE102B0BA5F0008BE4B6 /* DessertList.swift */; };
		2054EE132B0BA5F1008BE4B6 /* Assets.xcassets in Resources */ = {isa = PBXBuildFile; fileRef = 2054EE122B0BA5F1008BE4B6 /* Assets.xcassets */; };
		2054EE162B0BA5F1008BE4B6 /* Preview Assets.xcassets in Resources */ = {isa = PBXBuildFile; fileRef = 2054EE152B0BA5F1008BE4B6 /* Preview Assets.xcassets */; };
		2054EE392B0BA644008BE4B6 /* Dessert.swift in Sources */ = {isa = PBXBuildFile; fileRef = 2054EE382B0BA644008BE4B6 /* Dessert.swift */; };
		2054EE3B2B0BAAC3008BE4B6 /* NetworkManager.swift in Sources */ = {isa = PBXBuildFile; fileRef = 2054EE3A2B0BAAC3008BE4B6 /* NetworkManager.swift */; };
		2054EE3D2B0BD2E5008BE4B6 /* DessertListViewModel.swift in Sources */ = {isa = PBXBuildFile; fileRef = 2054EE3C2B0BD2E5008BE4B6 /* DessertListViewModel.swift */; };
		2054EE3F2B0BD488008BE4B6 /* DessertListCell.swift in Sources */ = {isa = PBXBuildFile; fileRef = 2054EE3E2B0BD488008BE4B6 /* DessertListCell.swift */; };
		2054EE412B0BD639008BE4B6 /* LoadingView.swift in Sources */ = {isa = PBXBuildFile; fileRef = 2054EE402B0BD639008BE4B6 /* LoadingView.swift */; };
		2054EE472B0C2780008BE4B6 /* DessertDetails.swift in Sources */ = {isa = PBXBuildFile; fileRef = 2054EE462B0C2780008BE4B6 /* DessertDetails.swift */; };
		2054EE492B0C284C008BE4B6 /* DessertDetailsViewModel.swift in Sources */ = {isa = PBXBuildFile; fileRef = 2054EE482B0C284C008BE4B6 /* DessertDetailsViewModel.swift */; };
		2054EE4B2B0C54A3008BE4B6 /* IngredientListItem.swift in Sources */ = {isa = PBXBuildFile; fileRef = 2054EE4A2B0C54A3008BE4B6 /* IngredientListItem.swift */; };
		2054EE4E2B0C595E008BE4B6 /* DessertDetailsHeader.swift in Sources */ = {isa = PBXBuildFile; fileRef = 2054EE4D2B0C595E008BE4B6 /* DessertDetailsHeader.swift */; };
		2054EE512B0D4AFE008BE4B6 /* IngredientsSection.swift in Sources */ = {isa = PBXBuildFile; fileRef = 2054EE502B0D4AFE008BE4B6 /* IngredientsSection.swift */; };
		2054EE532B0D4B4F008BE4B6 /* InstructionsSection.swift in Sources */ = {isa = PBXBuildFile; fileRef = 2054EE522B0D4B4F008BE4B6 /* InstructionsSection.swift */; };
/* End PBXBuildFile section */

/* Begin PBXContainerItemProxy section */
		2054EE1C2B0BA5F1008BE4B6 /* PBXContainerItemProxy */ = {
			isa = PBXContainerItemProxy;
			containerPortal = 2054EE032B0BA5F0008BE4B6 /* Project object */;
			proxyType = 1;
			remoteGlobalIDString = 2054EE0A2B0BA5F0008BE4B6;
			remoteInfo = FetchChallenge;
		};
		2054EE262B0BA5F1008BE4B6 /* PBXContainerItemProxy */ = {
			isa = PBXContainerItemProxy;
			containerPortal = 2054EE032B0BA5F0008BE4B6 /* Project object */;
			proxyType = 1;
			remoteGlobalIDString = 2054EE0A2B0BA5F0008BE4B6;
			remoteInfo = FetchChallenge;
		};
/* End PBXContainerItemProxy section */

/* Begin PBXFileReference section */
		2054EE0B2B0BA5F0008BE4B6 /* FetchChallenge.app */ = {isa = PBXFileReference; explicitFileType = wrapper.application; includeInIndex = 0; path = FetchChallenge.app; sourceTree = BUILT_PRODUCTS_DIR; };
		2054EE0E2B0BA5F0008BE4B6 /* FetchChallengeApp.swift */ = {isa = PBXFileReference; lastKnownFileType = sourcecode.swift; path = FetchChallengeApp.swift; sourceTree = "<group>"; };
		2054EE102B0BA5F0008BE4B6 /* DessertList.swift */ = {isa = PBXFileReference; lastKnownFileType = sourcecode.swift; path = DessertList.swift; sourceTree = "<group>"; };
		2054EE122B0BA5F1008BE4B6 /* Assets.xcassets */ = {isa = PBXFileReference; lastKnownFileType = folder.assetcatalog; path = Assets.xcassets; sourceTree = "<group>"; };
		2054EE152B0BA5F1008BE4B6 /* Preview Assets.xcassets */ = {isa = PBXFileReference; lastKnownFileType = folder.assetcatalog; path = "Preview Assets.xcassets"; sourceTree = "<group>"; };
		2054EE1B2B0BA5F1008BE4B6 /* FetchChallengeTests.xctest */ = {isa = PBXFileReference; explicitFileType = wrapper.cfbundle; includeInIndex = 0; path = FetchChallengeTests.xctest; sourceTree = BUILT_PRODUCTS_DIR; };
		2054EE252B0BA5F1008BE4B6 /* FetchChallengeUITests.xctest */ = {isa = PBXFileReference; explicitFileType = wrapper.cfbundle; includeInIndex = 0; path = FetchChallengeUITests.xctest; sourceTree = BUILT_PRODUCTS_DIR; };
		2054EE382B0BA644008BE4B6 /* Dessert.swift */ = {isa = PBXFileReference; lastKnownFileType = sourcecode.swift; path = Dessert.swift; sourceTree = "<group>"; };
		2054EE3A2B0BAAC3008BE4B6 /* NetworkManager.swift */ = {isa = PBXFileReference; lastKnownFileType = sourcecode.swift; path = NetworkManager.swift; sourceTree = "<group>"; };
		2054EE3C2B0BD2E5008BE4B6 /* DessertListViewModel.swift */ = {isa = PBXFileReference; lastKnownFileType = sourcecode.swift; path = DessertListViewModel.swift; sourceTree = "<group>"; };
		2054EE3E2B0BD488008BE4B6 /* DessertListCell.swift */ = {isa = PBXFileReference; lastKnownFileType = sourcecode.swift; path = DessertListCell.swift; sourceTree = "<group>"; };
		2054EE402B0BD639008BE4B6 /* LoadingView.swift */ = {isa = PBXFileReference; lastKnownFileType = sourcecode.swift; path = LoadingView.swift; sourceTree = "<group>"; };
		2054EE462B0C2780008BE4B6 /* DessertDetails.swift */ = {isa = PBXFileReference; lastKnownFileType = sourcecode.swift; path = DessertDetails.swift; sourceTree = "<group>"; };
		2054EE482B0C284C008BE4B6 /* DessertDetailsViewModel.swift */ = {isa = PBXFileReference; lastKnownFileType = sourcecode.swift; path = DessertDetailsViewModel.swift; sourceTree = "<group>"; };
		2054EE4A2B0C54A3008BE4B6 /* IngredientListItem.swift */ = {isa = PBXFileReference; lastKnownFileType = sourcecode.swift; path = IngredientListItem.swift; sourceTree = "<group>"; };
		2054EE4D2B0C595E008BE4B6 /* DessertDetailsHeader.swift */ = {isa = PBXFileReference; lastKnownFileType = sourcecode.swift; path = DessertDetailsHeader.swift; sourceTree = "<group>"; };
		2054EE502B0D4AFE008BE4B6 /* IngredientsSection.swift */ = {isa = PBXFileReference; lastKnownFileType = sourcecode.swift; path = IngredientsSection.swift; sourceTree = "<group>"; };
		2054EE522B0D4B4F008BE4B6 /* InstructionsSection.swift */ = {isa = PBXFileReference; lastKnownFileType = sourcecode.swift; path = InstructionsSection.swift; sourceTree = "<group>"; };
/* End PBXFileReference section */

/* Begin PBXFrameworksBuildPhase section */
		2054EE082B0BA5F0008BE4B6 /* Frameworks */ = {
			isa = PBXFrameworksBuildPhase;
			buildActionMask = 2147483647;
			files = (
			);
			runOnlyForDeploymentPostprocessing = 0;
		};
		2054EE182B0BA5F1008BE4B6 /* Frameworks */ = {
			isa = PBXFrameworksBuildPhase;
			buildActionMask = 2147483647;
			files = (
			);
			runOnlyForDeploymentPostprocessing = 0;
		};
		2054EE222B0BA5F1008BE4B6 /* Frameworks */ = {
			isa = PBXFrameworksBuildPhase;
			buildActionMask = 2147483647;
			files = (
			);
			runOnlyForDeploymentPostprocessing = 0;
		};
/* End PBXFrameworksBuildPhase section */

/* Begin PBXGroup section */
		2054EE022B0BA5F0008BE4B6 = {
			isa = PBXGroup;
			children = (
				2054EE0D2B0BA5F0008BE4B6 /* FetchChallenge */,
				2054EE0C2B0BA5F0008BE4B6 /* Products */,
			);
			sourceTree = "<group>";
		};
		2054EE0C2B0BA5F0008BE4B6 /* Products */ = {
			isa = PBXGroup;
			children = (
				2054EE0B2B0BA5F0008BE4B6 /* FetchChallenge.app */,
				2054EE1B2B0BA5F1008BE4B6 /* FetchChallengeTests.xctest */,
				2054EE252B0BA5F1008BE4B6 /* FetchChallengeUITests.xctest */,
			);
			name = Products;
			sourceTree = "<group>";
		};
		2054EE0D2B0BA5F0008BE4B6 /* FetchChallenge */ = {
			isa = PBXGroup;
			children = (
				2054EE422B0BF397008BE4B6 /* Model */,
				2054EE432B0BF3B3008BE4B6 /* Utils */,
				2054EE442B0BF3D4008BE4B6 /* Views */,
				2054EE452B0BF3F0008BE4B6 /* Screens */,
				2054EE0E2B0BA5F0008BE4B6 /* FetchChallengeApp.swift */,
				2054EE122B0BA5F1008BE4B6 /* Assets.xcassets */,
				2054EE142B0BA5F1008BE4B6 /* Preview Content */,
			);
			path = FetchChallenge;
			sourceTree = "<group>";
		};
		2054EE142B0BA5F1008BE4B6 /* Preview Content */ = {
			isa = PBXGroup;
			children = (
				2054EE152B0BA5F1008BE4B6 /* Preview Assets.xcassets */,
			);
			path = "Preview Content";
			sourceTree = "<group>";
		};
		2054EE422B0BF397008BE4B6 /* Model */ = {
			isa = PBXGroup;
			children = (
				2054EE382B0BA644008BE4B6 /* Dessert.swift */,
			);
			name = Model;
			sourceTree = "<group>";
		};
		2054EE432B0BF3B3008BE4B6 /* Utils */ = {
			isa = PBXGroup;
			children = (
				2054EE3A2B0BAAC3008BE4B6 /* NetworkManager.swift */,
			);
			path = Utils;
			sourceTree = "<group>";
		};
		2054EE442B0BF3D4008BE4B6 /* Views */ = {
			isa = PBXGroup;
			children = (
				2054EE402B0BD639008BE4B6 /* LoadingView.swift */,
				2054EE4F2B0C5968008BE4B6 /* DessertDetails */,
				2054EE4C2B0C593D008BE4B6 /* DessertsList */,
			);
			path = Views;
			sourceTree = "<group>";
		};
		2054EE452B0BF3F0008BE4B6 /* Screens */ = {
			isa = PBXGroup;
			children = (
				2054EE3C2B0BD2E5008BE4B6 /* DessertListViewModel.swift */,
				2054EE482B0C284C008BE4B6 /* DessertDetailsViewModel.swift */,
				2054EE102B0BA5F0008BE4B6 /* DessertList.swift */,
				2054EE462B0C2780008BE4B6 /* DessertDetails.swift */,
			);
			path = Screens;
			sourceTree = "<group>";
		};
		2054EE4C2B0C593D008BE4B6 /* DessertsList */ = {
			isa = PBXGroup;
			children = (
				2054EE3E2B0BD488008BE4B6 /* DessertListCell.swift */,
				2054EE4A2B0C54A3008BE4B6 /* IngredientListItem.swift */,
			);
			path = DessertsList;
			sourceTree = "<group>";
		};
		2054EE4F2B0C5968008BE4B6 /* DessertDetails */ = {
			isa = PBXGroup;
			children = (
				2054EE4D2B0C595E008BE4B6 /* DessertDetailsHeader.swift */,
				2054EE502B0D4AFE008BE4B6 /* IngredientsSection.swift */,
				2054EE522B0D4B4F008BE4B6 /* InstructionsSection.swift */,
			);
			path = DessertDetails;
			sourceTree = "<group>";
		};
/* End PBXGroup section */

/* Begin PBXNativeTarget section */
		2054EE0A2B0BA5F0008BE4B6 /* FetchChallenge */ = {
			isa = PBXNativeTarget;
			buildConfigurationList = 2054EE2F2B0BA5F1008BE4B6 /* Build configuration list for PBXNativeTarget "FetchChallenge" */;
			buildPhases = (
				2054EE072B0BA5F0008BE4B6 /* Sources */,
				2054EE082B0BA5F0008BE4B6 /* Frameworks */,
				2054EE092B0BA5F0008BE4B6 /* Resources */,
			);
			buildRules = (
			);
			dependencies = (
			);
			name = FetchChallenge;
			productName = FetchChallenge;
			productReference = 2054EE0B2B0BA5F0008BE4B6 /* FetchChallenge.app */;
			productType = "com.apple.product-type.application";
		};
		2054EE1A2B0BA5F1008BE4B6 /* FetchChallengeTests */ = {
			isa = PBXNativeTarget;
			buildConfigurationList = 2054EE322B0BA5F1008BE4B6 /* Build configuration list for PBXNativeTarget "FetchChallengeTests" */;
			buildPhases = (
				2054EE172B0BA5F1008BE4B6 /* Sources */,
				2054EE182B0BA5F1008BE4B6 /* Frameworks */,
				2054EE192B0BA5F1008BE4B6 /* Resources */,
			);
			buildRules = (
			);
			dependencies = (
				2054EE1D2B0BA5F1008BE4B6 /* PBXTargetDependency */,
			);
			name = FetchChallengeTests;
			productName = FetchChallengeTests;
			productReference = 2054EE1B2B0BA5F1008BE4B6 /* FetchChallengeTests.xctest */;
			productType = "com.apple.product-type.bundle.unit-test";
		};
		2054EE242B0BA5F1008BE4B6 /* FetchChallengeUITests */ = {
			isa = PBXNativeTarget;
			buildConfigurationList = 2054EE352B0BA5F1008BE4B6 /* Build configuration list for PBXNativeTarget "FetchChallengeUITests" */;
			buildPhases = (
				2054EE212B0BA5F1008BE4B6 /* Sources */,
				2054EE222B0BA5F1008BE4B6 /* Frameworks */,
				2054EE232B0BA5F1008BE4B6 /* Resources */,
			);
			buildRules = (
			);
			dependencies = (
				2054EE272B0BA5F1008BE4B6 /* PBXTargetDependency */,
			);
			name = FetchChallengeUITests;
			productName = FetchChallengeUITests;
			productReference = 2054EE252B0BA5F1008BE4B6 /* FetchChallengeUITests.xctest */;
			productType = "com.apple.product-type.bundle.ui-testing";
		};
/* End PBXNativeTarget section */

/* Begin PBXProject section */
		2054EE032B0BA5F0008BE4B6 /* Project object */ = {
			isa = PBXProject;
			attributes = {
				BuildIndependentTargetsInParallel = 1;
				LastSwiftUpdateCheck = 1430;
				LastUpgradeCheck = 1430;
				TargetAttributes = {
					2054EE0A2B0BA5F0008BE4B6 = {
						CreatedOnToolsVersion = 14.3.1;
					};
					2054EE1A2B0BA5F1008BE4B6 = {
						CreatedOnToolsVersion = 14.3.1;
						TestTargetID = 2054EE0A2B0BA5F0008BE4B6;
					};
					2054EE242B0BA5F1008BE4B6 = {
						CreatedOnToolsVersion = 14.3.1;
						TestTargetID = 2054EE0A2B0BA5F0008BE4B6;
					};
				};
			};
			buildConfigurationList = 2054EE062B0BA5F0008BE4B6 /* Build configuration list for PBXProject "FetchChallenge" */;
			compatibilityVersion = "Xcode 14.0";
			developmentRegion = en;
			hasScannedForEncodings = 0;
			knownRegions = (
				en,
				Base,
			);
			mainGroup = 2054EE022B0BA5F0008BE4B6;
			productRefGroup = 2054EE0C2B0BA5F0008BE4B6 /* Products */;
			projectDirPath = "";
			projectRoot = "";
			targets = (
				2054EE0A2B0BA5F0008BE4B6 /* FetchChallenge */,
				2054EE1A2B0BA5F1008BE4B6 /* FetchChallengeTests */,
				2054EE242B0BA5F1008BE4B6 /* FetchChallengeUITests */,
			);
		};
/* End PBXProject section */

/* Begin PBXResourcesBuildPhase section */
		2054EE092B0BA5F0008BE4B6 /* Resources */ = {
			isa = PBXResourcesBuildPhase;
			buildActionMask = 2147483647;
			files = (
				2054EE162B0BA5F1008BE4B6 /* Preview Assets.xcassets in Resources */,
				2054EE132B0BA5F1008BE4B6 /* Assets.xcassets in Resources */,
			);
			runOnlyForDeploymentPostprocessing = 0;
		};
		2054EE192B0BA5F1008BE4B6 /* Resources */ = {
			isa = PBXResourcesBuildPhase;
			buildActionMask = 2147483647;
			files = (
			);
			runOnlyForDeploymentPostprocessing = 0;
		};
		2054EE232B0BA5F1008BE4B6 /* Resources */ = {
			isa = PBXResourcesBuildPhase;
			buildActionMask = 2147483647;
			files = (
			);
			runOnlyForDeploymentPostprocessing = 0;
		};
/* End PBXResourcesBuildPhase section */

/* Begin PBXSourcesBuildPhase section */
		2054EE072B0BA5F0008BE4B6 /* Sources */ = {
			isa = PBXSourcesBuildPhase;
			buildActionMask = 2147483647;
			files = (
				2054EE3B2B0BAAC3008BE4B6 /* NetworkManager.swift in Sources */,
				2054EE112B0BA5F0008BE4B6 /* DessertList.swift in Sources */,
				2054EE492B0C284C008BE4B6 /* DessertDetailsViewModel.swift in Sources */,
				2054EE3F2B0BD488008BE4B6 /* DessertListCell.swift in Sources */,
				2054EE4E2B0C595E008BE4B6 /* DessertDetailsHeader.swift in Sources */,
				2054EE392B0BA644008BE4B6 /* Dessert.swift in Sources */,
				2054EE0F2B0BA5F0008BE4B6 /* FetchChallengeApp.swift in Sources */,
				2054EE412B0BD639008BE4B6 /* LoadingView.swift in Sources */,
				2054EE512B0D4AFE008BE4B6 /* IngredientsSection.swift in Sources */,
				2054EE3D2B0BD2E5008BE4B6 /* DessertListViewModel.swift in Sources */,
				2054EE472B0C2780008BE4B6 /* DessertDetails.swift in Sources */,
				2054EE532B0D4B4F008BE4B6 /* InstructionsSection.swift in Sources */,
				2054EE4B2B0C54A3008BE4B6 /* IngredientListItem.swift in Sources */,
			);
			runOnlyForDeploymentPostprocessing = 0;
		};
		2054EE172B0BA5F1008BE4B6 /* Sources */ = {
			isa = PBXSourcesBuildPhase;
			buildActionMask = 2147483647;
			files = (
			);
			runOnlyForDeploymentPostprocessing = 0;
		};
		2054EE212B0BA5F1008BE4B6 /* Sources */ = {
			isa = PBXSourcesBuildPhase;
			buildActionMask = 2147483647;
			files = (
			);
			runOnlyForDeploymentPostprocessing = 0;
		};
/* End PBXSourcesBuildPhase section */

/* Begin PBXTargetDependency section */
		2054EE1D2B0BA5F1008BE4B6 /* PBXTargetDependency */ = {
			isa = PBXTargetDependency;
			target = 2054EE0A2B0BA5F0008BE4B6 /* FetchChallenge */;
			targetProxy = 2054EE1C2B0BA5F1008BE4B6 /* PBXContainerItemProxy */;
		};
		2054EE272B0BA5F1008BE4B6 /* PBXTargetDependency */ = {
			isa = PBXTargetDependency;
			target = 2054EE0A2B0BA5F0008BE4B6 /* FetchChallenge */;
			targetProxy = 2054EE262B0BA5F1008BE4B6 /* PBXContainerItemProxy */;
		};
/* End PBXTargetDependency section */

/* Begin XCBuildConfiguration section */
		2054EE2D2B0BA5F1008BE4B6 /* Debug */ = {
			isa = XCBuildConfiguration;
			buildSettings = {
				ALWAYS_SEARCH_USER_PATHS = NO;
				CLANG_ANALYZER_NONNULL = YES;
				CLANG_ANALYZER_NUMBER_OBJECT_CONVERSION = YES_AGGRESSIVE;
				CLANG_CXX_LANGUAGE_STANDARD = "gnu++20";
				CLANG_ENABLE_MODULES = YES;
				CLANG_ENABLE_OBJC_ARC = YES;
				CLANG_ENABLE_OBJC_WEAK = YES;
				CLANG_WARN_BLOCK_CAPTURE_AUTORELEASING = YES;
				CLANG_WARN_BOOL_CONVERSION = YES;
				CLANG_WARN_COMMA = YES;
				CLANG_WARN_CONSTANT_CONVERSION = YES;
				CLANG_WARN_DEPRECATED_OBJC_IMPLEMENTATIONS = YES;
				CLANG_WARN_DIRECT_OBJC_ISA_USAGE = YES_ERROR;
				CLANG_WARN_DOCUMENTATION_COMMENTS = YES;
				CLANG_WARN_EMPTY_BODY = YES;
				CLANG_WARN_ENUM_CONVERSION = YES;
				CLANG_WARN_INFINITE_RECURSION = YES;
				CLANG_WARN_INT_CONVERSION = YES;
				CLANG_WARN_NON_LITERAL_NULL_CONVERSION = YES;
				CLANG_WARN_OBJC_IMPLICIT_RETAIN_SELF = YES;
				CLANG_WARN_OBJC_LITERAL_CONVERSION = YES;
				CLANG_WARN_OBJC_ROOT_CLASS = YES_ERROR;
				CLANG_WARN_QUOTED_INCLUDE_IN_FRAMEWORK_HEADER = YES;
				CLANG_WARN_RANGE_LOOP_ANALYSIS = YES;
				CLANG_WARN_STRICT_PROTOTYPES = YES;
				CLANG_WARN_SUSPICIOUS_MOVE = YES;
				CLANG_WARN_UNGUARDED_AVAILABILITY = YES_AGGRESSIVE;
				CLANG_WARN_UNREACHABLE_CODE = YES;
				CLANG_WARN__DUPLICATE_METHOD_MATCH = YES;
				COPY_PHASE_STRIP = NO;
				DEBUG_INFORMATION_FORMAT = dwarf;
				ENABLE_STRICT_OBJC_MSGSEND = YES;
				ENABLE_TESTABILITY = YES;
				GCC_C_LANGUAGE_STANDARD = gnu11;
				GCC_DYNAMIC_NO_PIC = NO;
				GCC_NO_COMMON_BLOCKS = YES;
				GCC_OPTIMIZATION_LEVEL = 0;
				GCC_PREPROCESSOR_DEFINITIONS = (
					"DEBUG=1",
					"$(inherited)",
				);
				GCC_WARN_64_TO_32_BIT_CONVERSION = YES;
				GCC_WARN_ABOUT_RETURN_TYPE = YES_ERROR;
				GCC_WARN_UNDECLARED_SELECTOR = YES;
				GCC_WARN_UNINITIALIZED_AUTOS = YES_AGGRESSIVE;
				GCC_WARN_UNUSED_FUNCTION = YES;
				GCC_WARN_UNUSED_VARIABLE = YES;
				IPHONEOS_DEPLOYMENT_TARGET = 16.4;
				MTL_ENABLE_DEBUG_INFO = INCLUDE_SOURCE;
				MTL_FAST_MATH = YES;
				ONLY_ACTIVE_ARCH = YES;
				SDKROOT = iphoneos;
				SWIFT_ACTIVE_COMPILATION_CONDITIONS = DEBUG;
				SWIFT_OPTIMIZATION_LEVEL = "-Onone";
			};
			name = Debug;
		};
		2054EE2E2B0BA5F1008BE4B6 /* Release */ = {
			isa = XCBuildConfiguration;
			buildSettings = {
				ALWAYS_SEARCH_USER_PATHS = NO;
				CLANG_ANALYZER_NONNULL = YES;
				CLANG_ANALYZER_NUMBER_OBJECT_CONVERSION = YES_AGGRESSIVE;
				CLANG_CXX_LANGUAGE_STANDARD = "gnu++20";
				CLANG_ENABLE_MODULES = YES;
				CLANG_ENABLE_OBJC_ARC = YES;
				CLANG_ENABLE_OBJC_WEAK = YES;
				CLANG_WARN_BLOCK_CAPTURE_AUTORELEASING = YES;
				CLANG_WARN_BOOL_CONVERSION = YES;
				CLANG_WARN_COMMA = YES;
				CLANG_WARN_CONSTANT_CONVERSION = YES;
				CLANG_WARN_DEPRECATED_OBJC_IMPLEMENTATIONS = YES;
				CLANG_WARN_DIRECT_OBJC_ISA_USAGE = YES_ERROR;
				CLANG_WARN_DOCUMENTATION_COMMENTS = YES;
				CLANG_WARN_EMPTY_BODY = YES;
				CLANG_WARN_ENUM_CONVERSION = YES;
				CLANG_WARN_INFINITE_RECURSION = YES;
				CLANG_WARN_INT_CONVERSION = YES;
				CLANG_WARN_NON_LITERAL_NULL_CONVERSION = YES;
				CLANG_WARN_OBJC_IMPLICIT_RETAIN_SELF = YES;
				CLANG_WARN_OBJC_LITERAL_CONVERSION = YES;
				CLANG_WARN_OBJC_ROOT_CLASS = YES_ERROR;
				CLANG_WARN_QUOTED_INCLUDE_IN_FRAMEWORK_HEADER = YES;
				CLANG_WARN_RANGE_LOOP_ANALYSIS = YES;
				CLANG_WARN_STRICT_PROTOTYPES = YES;
				CLANG_WARN_SUSPICIOUS_MOVE = YES;
				CLANG_WARN_UNGUARDED_AVAILABILITY = YES_AGGRESSIVE;
				CLANG_WARN_UNREACHABLE_CODE = YES;
				CLANG_WARN__DUPLICATE_METHOD_MATCH = YES;
				COPY_PHASE_STRIP = NO;
				DEBUG_INFORMATION_FORMAT = "dwarf-with-dsym";
				ENABLE_NS_ASSERTIONS = NO;
				ENABLE_STRICT_OBJC_MSGSEND = YES;
				GCC_C_LANGUAGE_STANDARD = gnu11;
				GCC_NO_COMMON_BLOCKS = YES;
				GCC_WARN_64_TO_32_BIT_CONVERSION = YES;
				GCC_WARN_ABOUT_RETURN_TYPE = YES_ERROR;
				GCC_WARN_UNDECLARED_SELECTOR = YES;
				GCC_WARN_UNINITIALIZED_AUTOS = YES_AGGRESSIVE;
				GCC_WARN_UNUSED_FUNCTION = YES;
				GCC_WARN_UNUSED_VARIABLE = YES;
				IPHONEOS_DEPLOYMENT_TARGET = 16.4;
				MTL_ENABLE_DEBUG_INFO = NO;
				MTL_FAST_MATH = YES;
				SDKROOT = iphoneos;
				SWIFT_COMPILATION_MODE = wholemodule;
				SWIFT_OPTIMIZATION_LEVEL = "-O";
				VALIDATE_PRODUCT = YES;
			};
			name = Release;
		};
		2054EE302B0BA5F1008BE4B6 /* Debug */ = {
			isa = XCBuildConfiguration;
			buildSettings = {
				ASSETCATALOG_COMPILER_APPICON_NAME = AppIcon;
				ASSETCATALOG_COMPILER_GLOBAL_ACCENT_COLOR_NAME = AccentColor;
				CODE_SIGN_STYLE = Automatic;
				CURRENT_PROJECT_VERSION = 1;
				DEVELOPMENT_ASSET_PATHS = "\"FetchChallenge/Preview Content\"";
				DEVELOPMENT_TEAM = F7YK8V3KLF;
				ENABLE_PREVIEWS = YES;
				GENERATE_INFOPLIST_FILE = YES;
				INFOPLIST_KEY_UIApplicationSceneManifest_Generation = YES;
				INFOPLIST_KEY_UIApplicationSupportsIndirectInputEvents = YES;
				INFOPLIST_KEY_UILaunchScreen_Generation = YES;
				INFOPLIST_KEY_UISupportedInterfaceOrientations_iPad = "UIInterfaceOrientationPortrait UIInterfaceOrientationPortraitUpsideDown UIInterfaceOrientationLandscapeLeft UIInterfaceOrientationLandscapeRight";
				INFOPLIST_KEY_UISupportedInterfaceOrientations_iPhone = "UIInterfaceOrientationPortrait UIInterfaceOrientationLandscapeLeft UIInterfaceOrientationLandscapeRight";
				LD_RUNPATH_SEARCH_PATHS = (
					"$(inherited)",
					"@executable_path/Frameworks",
				);
				MARKETING_VERSION = 1.0;
				PRODUCT_BUNDLE_IDENTIFIER = mariano.FetchChallenge;
				PRODUCT_NAME = "$(TARGET_NAME)";
				SWIFT_EMIT_LOC_STRINGS = YES;
				SWIFT_VERSION = 5.0;
				TARGETED_DEVICE_FAMILY = "1,2";
			};
			name = Debug;
		};
		2054EE312B0BA5F1008BE4B6 /* Release */ = {
			isa = XCBuildConfiguration;
			buildSettings = {
				ASSETCATALOG_COMPILER_APPICON_NAME = AppIcon;
				ASSETCATALOG_COMPILER_GLOBAL_ACCENT_COLOR_NAME = AccentColor;
				CODE_SIGN_STYLE = Automatic;
				CURRENT_PROJECT_VERSION = 1;
				DEVELOPMENT_ASSET_PATHS = "\"FetchChallenge/Preview Content\"";
				DEVELOPMENT_TEAM = F7YK8V3KLF;
				ENABLE_PREVIEWS = YES;
				GENERATE_INFOPLIST_FILE = YES;
				INFOPLIST_KEY_UIApplicationSceneManifest_Generation = YES;
				INFOPLIST_KEY_UIApplicationSupportsIndirectInputEvents = YES;
				INFOPLIST_KEY_UILaunchScreen_Generation = YES;
				INFOPLIST_KEY_UISupportedInterfaceOrientations_iPad = "UIInterfaceOrientationPortrait UIInterfaceOrientationPortraitUpsideDown UIInterfaceOrientationLandscapeLeft UIInterfaceOrientationLandscapeRight";
				INFOPLIST_KEY_UISupportedInterfaceOrientations_iPhone = "UIInterfaceOrientationPortrait UIInterfaceOrientationLandscapeLeft UIInterfaceOrientationLandscapeRight";
				LD_RUNPATH_SEARCH_PATHS = (
					"$(inherited)",
					"@executable_path/Frameworks",
				);
				MARKETING_VERSION = 1.0;
				PRODUCT_BUNDLE_IDENTIFIER = mariano.FetchChallenge;
				PRODUCT_NAME = "$(TARGET_NAME)";
				SWIFT_EMIT_LOC_STRINGS = YES;
				SWIFT_VERSION = 5.0;
				TARGETED_DEVICE_FAMILY = "1,2";
			};
			name = Release;
		};
		2054EE332B0BA5F1008BE4B6 /* Debug */ = {
			isa = XCBuildConfiguration;
			buildSettings = {
				ALWAYS_EMBED_SWIFT_STANDARD_LIBRARIES = YES;
				BUNDLE_LOADER = "$(TEST_HOST)";
				CODE_SIGN_STYLE = Automatic;
				CURRENT_PROJECT_VERSION = 1;
				DEVELOPMENT_TEAM = F7YK8V3KLF;
				GENERATE_INFOPLIST_FILE = YES;
				IPHONEOS_DEPLOYMENT_TARGET = 16.4;
				MARKETING_VERSION = 1.0;
				PRODUCT_BUNDLE_IDENTIFIER = mariano.FetchChallengeTests;
				PRODUCT_NAME = "$(TARGET_NAME)";
				SWIFT_EMIT_LOC_STRINGS = NO;
				SWIFT_VERSION = 5.0;
				TARGETED_DEVICE_FAMILY = "1,2";
				TEST_HOST = "$(BUILT_PRODUCTS_DIR)/FetchChallenge.app/$(BUNDLE_EXECUTABLE_FOLDER_PATH)/FetchChallenge";
			};
			name = Debug;
		};
		2054EE342B0BA5F1008BE4B6 /* Release */ = {
			isa = XCBuildConfiguration;
			buildSettings = {
				ALWAYS_EMBED_SWIFT_STANDARD_LIBRARIES = YES;
				BUNDLE_LOADER = "$(TEST_HOST)";
				CODE_SIGN_STYLE = Automatic;
				CURRENT_PROJECT_VERSION = 1;
				DEVELOPMENT_TEAM = F7YK8V3KLF;
				GENERATE_INFOPLIST_FILE = YES;
				IPHONEOS_DEPLOYMENT_TARGET = 16.4;
				MARKETING_VERSION = 1.0;
				PRODUCT_BUNDLE_IDENTIFIER = mariano.FetchChallengeTests;
				PRODUCT_NAME = "$(TARGET_NAME)";
				SWIFT_EMIT_LOC_STRINGS = NO;
				SWIFT_VERSION = 5.0;
				TARGETED_DEVICE_FAMILY = "1,2";
				TEST_HOST = "$(BUILT_PRODUCTS_DIR)/FetchChallenge.app/$(BUNDLE_EXECUTABLE_FOLDER_PATH)/FetchChallenge";
			};
			name = Release;
		};
		2054EE362B0BA5F1008BE4B6 /* Debug */ = {
			isa = XCBuildConfiguration;
			buildSettings = {
				ALWAYS_EMBED_SWIFT_STANDARD_LIBRARIES = YES;
				CODE_SIGN_STYLE = Automatic;
				CURRENT_PROJECT_VERSION = 1;
				DEVELOPMENT_TEAM = F7YK8V3KLF;
				GENERATE_INFOPLIST_FILE = YES;
				MARKETING_VERSION = 1.0;
				PRODUCT_BUNDLE_IDENTIFIER = mariano.FetchChallengeUITests;
				PRODUCT_NAME = "$(TARGET_NAME)";
				SWIFT_EMIT_LOC_STRINGS = NO;
				SWIFT_VERSION = 5.0;
				TARGETED_DEVICE_FAMILY = "1,2";
				TEST_TARGET_NAME = FetchChallenge;
			};
			name = Debug;
		};
		2054EE372B0BA5F1008BE4B6 /* Release */ = {
			isa = XCBuildConfiguration;
			buildSettings = {
				ALWAYS_EMBED_SWIFT_STANDARD_LIBRARIES = YES;
				CODE_SIGN_STYLE = Automatic;
				CURRENT_PROJECT_VERSION = 1;
				DEVELOPMENT_TEAM = F7YK8V3KLF;
				GENERATE_INFOPLIST_FILE = YES;
				MARKETING_VERSION = 1.0;
				PRODUCT_BUNDLE_IDENTIFIER = mariano.FetchChallengeUITests;
				PRODUCT_NAME = "$(TARGET_NAME)";
				SWIFT_EMIT_LOC_STRINGS = NO;
				SWIFT_VERSION = 5.0;
				TARGETED_DEVICE_FAMILY = "1,2";
				TEST_TARGET_NAME = FetchChallenge;
			};
			name = Release;
		};
/* End XCBuildConfiguration section */

/* Begin XCConfigurationList section */
		2054EE062B0BA5F0008BE4B6 /* Build configuration list for PBXProject "FetchChallenge" */ = {
			isa = XCConfigurationList;
			buildConfigurations = (
				2054EE2D2B0BA5F1008BE4B6 /* Debug */,
				2054EE2E2B0BA5F1008BE4B6 /* Release */,
			);
			defaultConfigurationIsVisible = 0;
			defaultConfigurationName = Release;
		};
		2054EE2F2B0BA5F1008BE4B6 /* Build configuration list for PBXNativeTarget "FetchChallenge" */ = {
			isa = XCConfigurationList;
			buildConfigurations = (
				2054EE302B0BA5F1008BE4B6 /* Debug */,
				2054EE312B0BA5F1008BE4B6 /* Release */,
			);
			defaultConfigurationIsVisible = 0;
			defaultConfigurationName = Release;
		};
		2054EE322B0BA5F1008BE4B6 /* Build configuration list for PBXNativeTarget "FetchChallengeTests" */ = {
			isa = XCConfigurationList;
			buildConfigurations = (
				2054EE332B0BA5F1008BE4B6 /* Debug */,
				2054EE342B0BA5F1008BE4B6 /* Release */,
			);
			defaultConfigurationIsVisible = 0;
			defaultConfigurationName = Release;
		};
		2054EE352B0BA5F1008BE4B6 /* Build configuration list for PBXNativeTarget "FetchChallengeUITests" */ = {
			isa = XCConfigurationList;
			buildConfigurations = (
				2054EE362B0BA5F1008BE4B6 /* Debug */,
				2054EE372B0BA5F1008BE4B6 /* Release */,
			);
			defaultConfigurationIsVisible = 0;
			defaultConfigurationName = Release;
		};
/* End XCConfigurationList section */
	};
	rootObject = 2054EE032B0BA5F0008BE4B6 /* Project object */;
}
